
Microsoft Visual Studio Solution File, Format Version 12.00
# Visual Studio Version 17
VisualStudioVersion = 17.0.31919.166
MinimumVisualStudioVersion = 10.0.40219.1
Project("{2150E333-8FDC-42A3-9474-1A3956D46DE8}") = "Src", "Src", "{099F945E-6006-49B8-9801-4DEC4B3F2BD5}"
EndProject
Project("{2150E333-8FDC-42A3-9474-1A3956D46DE8}") = "Test", "Test", "{966B9D80-4A76-43C8-AE89-443B7D06E4F6}"
EndProject
Project("{2150E333-8FDC-42A3-9474-1A3956D46DE8}") = "Domain", "Domain", "{C535D2DF-6EDE-4CB3-90EE-2172D95A1141}"
EndProject
Project("{2150E333-8FDC-42A3-9474-1A3956D46DE8}") = "Infrastructure", "Infrastructure", "{0A98B7B5-B0AE-4E6A-B231-A668EA03EE00}"
EndProject
Project("{9A19103F-16F7-4668-BE54-9A1E7A4F7556}") = "ScheduleService.Presentation.Api", "Src\ScheduleService.Presentation.Api\ScheduleService.Presentation.Api.csproj", "{03D37358-555B-420D-ABE1-99FA032CB7A5}"
EndProject
Project("{2150E333-8FDC-42A3-9474-1A3956D46DE8}") = "Application", "Application", "{56A3FE61-763D-4AC6-B003-826DDB9DBC7F}"
EndProject
Project("{2150E333-8FDC-42A3-9474-1A3956D46DE8}") = "Presentation", "Presentation", "{38112351-1BE0-48C4-9DE8-685D8604A6C4}"
EndProject
Project("{2150E333-8FDC-42A3-9474-1A3956D46DE8}") = "IoC", "IoC", "{57ECF0FA-2E93-4903-879F-6CFC5234AF9B}"
EndProject
Project("{9A19103F-16F7-4668-BE54-9A1E7A4F7556}") = "ScheduleService.Domain.Repository", "Src\ScheduleService.Domain.Repository\ScheduleService.Domain.Repository.csproj", "{26A53ADD-7125-4860-99CB-2F3B230832FA}"
EndProject
Project("{9A19103F-16F7-4668-BE54-9A1E7A4F7556}") = "ScheduleService.Domain.Core", "Src\ScheduleService.Domain.Core\ScheduleService.Domain.Core.csproj", "{9689CD9A-DD66-4B5E-BEF8-97A074615F78}"
EndProject
Project("{9A19103F-16F7-4668-BE54-9A1E7A4F7556}") = "ScheduleService.Infrastructure.Repository", "Src\ScheduleService.Infrastructure.Repository\ScheduleService.Infrastructure.Repository.csproj", "{48F14FDF-36A2-42F3-989B-DFA7B1C90CE0}"
EndProject
Project("{9A19103F-16F7-4668-BE54-9A1E7A4F7556}") = "ScheduleService.IoC.Container", "Src\ScheduleService.IoC.Container\ScheduleService.IoC.Container.csproj", "{E606CB33-CB91-4E41-97C7-2F9E8E386E68}"
EndProject
Project("{9A19103F-16F7-4668-BE54-9A1E7A4F7556}") = "ScheduleService.Infrastructure.Context", "Src\ScheduleService.Infrastructure.Context\ScheduleService.Infrastructure.Context.csproj", "{E2BCDF86-D6A2-41C9-A1EC-621742FA7CFF}"
EndProject
Project("{9A19103F-16F7-4668-BE54-9A1E7A4F7556}") = "ScheduleService.Application.Command", "Src\ScheduleService.Application.Command\ScheduleService.Application.Command.csproj", "{EAB70615-0C78-43DE-9DDC-785EF3831602}"
EndProject
Project("{9A19103F-16F7-4668-BE54-9A1E7A4F7556}") = "ScheduleService.Application.Validator", "Src\ScheduleService.Application.Validator\ScheduleService.Application.Validator.csproj", "{BC5B0FBB-F616-41EA-B71C-420A75396F4B}"
EndProject
Project("{9A19103F-16F7-4668-BE54-9A1E7A4F7556}") = "ScheduleService.Application.Shared", "Src\ScheduleService.Application.Shared\ScheduleService.Application.Shared.csproj", "{C28E7252-3A42-4779-AA12-BB77FF5F8E35}"
EndProject
Project("{9A19103F-16F7-4668-BE54-9A1E7A4F7556}") = "ScheduleService.Application.Handler", "Src\ScheduleService.Application.Handler\ScheduleService.Application.Handler.csproj", "{45CB5F1E-A7C8-4705-9D13-A113B8FC4D05}"
EndProject
Project("{9A19103F-16F7-4668-BE54-9A1E7A4F7556}") = "ScheduleService.Domain.Shared", "Src\ScheduleService.Domain.Shared\ScheduleService.Domain.Shared.csproj", "{B5CBAC87-0189-446E-B447-F639E5E77E02}"
EndProject
Project("{9A19103F-16F7-4668-BE54-9A1E7A4F7556}") = "ScheduleService.Application.ViewModelResponses", "Src\ScheduleService.Application.ViewModelResponses\ScheduleService.Application.ViewModelResponses.csproj", "{13C75ABD-DB81-4FD7-9281-9EC8610FADA7}"
EndProject
Project("{FAE04EC0-301F-11D3-BF4B-00C04F79EFBC}") = "ScheduleService.Application.Service", "Src\ScheduleService.Application.Service\ScheduleService.Application.Service.csproj", "{2D0BAB29-FF8F-4BF1-A4D8-E76366E60A7E}"
EndProject
Global
	GlobalSection(SolutionConfigurationPlatforms) = preSolution
		Debug|Any CPU = Debug|Any CPU
		Release|Any CPU = Release|Any CPU
	EndGlobalSection
	GlobalSection(ProjectConfigurationPlatforms) = postSolution
		{03D37358-555B-420D-ABE1-99FA032CB7A5}.Debug|Any CPU.ActiveCfg = Debug|Any CPU
		{03D37358-555B-420D-ABE1-99FA032CB7A5}.Debug|Any CPU.Build.0 = Debug|Any CPU
		{03D37358-555B-420D-ABE1-99FA032CB7A5}.Release|Any CPU.ActiveCfg = Release|Any CPU
		{03D37358-555B-420D-ABE1-99FA032CB7A5}.Release|Any CPU.Build.0 = Release|Any CPU
		{26A53ADD-7125-4860-99CB-2F3B230832FA}.Debug|Any CPU.ActiveCfg = Debug|Any CPU
		{26A53ADD-7125-4860-99CB-2F3B230832FA}.Debug|Any CPU.Build.0 = Debug|Any CPU
		{26A53ADD-7125-4860-99CB-2F3B230832FA}.Release|Any CPU.ActiveCfg = Release|Any CPU
		{26A53ADD-7125-4860-99CB-2F3B230832FA}.Release|Any CPU.Build.0 = Release|Any CPU
		{9689CD9A-DD66-4B5E-BEF8-97A074615F78}.Debug|Any CPU.ActiveCfg = Debug|Any CPU
		{9689CD9A-DD66-4B5E-BEF8-97A074615F78}.Debug|Any CPU.Build.0 = Debug|Any CPU
		{9689CD9A-DD66-4B5E-BEF8-97A074615F78}.Release|Any CPU.ActiveCfg = Release|Any CPU
		{9689CD9A-DD66-4B5E-BEF8-97A074615F78}.Release|Any CPU.Build.0 = Release|Any CPU
		{48F14FDF-36A2-42F3-989B-DFA7B1C90CE0}.Debug|Any CPU.ActiveCfg = Debug|Any CPU
		{48F14FDF-36A2-42F3-989B-DFA7B1C90CE0}.Debug|Any CPU.Build.0 = Debug|Any CPU
		{48F14FDF-36A2-42F3-989B-DFA7B1C90CE0}.Release|Any CPU.ActiveCfg = Release|Any CPU
		{48F14FDF-36A2-42F3-989B-DFA7B1C90CE0}.Release|Any CPU.Build.0 = Release|Any CPU
		{E606CB33-CB91-4E41-97C7-2F9E8E386E68}.Debug|Any CPU.ActiveCfg = Debug|Any CPU
		{E606CB33-CB91-4E41-97C7-2F9E8E386E68}.Debug|Any CPU.Build.0 = Debug|Any CPU
		{E606CB33-CB91-4E41-97C7-2F9E8E386E68}.Release|Any CPU.ActiveCfg = Release|Any CPU
		{E606CB33-CB91-4E41-97C7-2F9E8E386E68}.Release|Any CPU.Build.0 = Release|Any CPU
		{E2BCDF86-D6A2-41C9-A1EC-621742FA7CFF}.Debug|Any CPU.ActiveCfg = Debug|Any CPU
		{E2BCDF86-D6A2-41C9-A1EC-621742FA7CFF}.Debug|Any CPU.Build.0 = Debug|Any CPU
		{E2BCDF86-D6A2-41C9-A1EC-621742FA7CFF}.Release|Any CPU.ActiveCfg = Release|Any CPU
		{E2BCDF86-D6A2-41C9-A1EC-621742FA7CFF}.Release|Any CPU.Build.0 = Release|Any CPU
		{EAB70615-0C78-43DE-9DDC-785EF3831602}.Debug|Any CPU.ActiveCfg = Debug|Any CPU
		{EAB70615-0C78-43DE-9DDC-785EF3831602}.Debug|Any CPU.Build.0 = Debug|Any CPU
		{EAB70615-0C78-43DE-9DDC-785EF3831602}.Release|Any CPU.ActiveCfg = Release|Any CPU
		{EAB70615-0C78-43DE-9DDC-785EF3831602}.Release|Any CPU.Build.0 = Release|Any CPU
		{BC5B0FBB-F616-41EA-B71C-420A75396F4B}.Debug|Any CPU.ActiveCfg = Debug|Any CPU
		{BC5B0FBB-F616-41EA-B71C-420A75396F4B}.Debug|Any CPU.Build.0 = Debug|Any CPU
		{BC5B0FBB-F616-41EA-B71C-420A75396F4B}.Release|Any CPU.ActiveCfg = Release|Any CPU
		{BC5B0FBB-F616-41EA-B71C-420A75396F4B}.Release|Any CPU.Build.0 = Release|Any CPU
		{C28E7252-3A42-4779-AA12-BB77FF5F8E35}.Debug|Any CPU.ActiveCfg = Debug|Any CPU
		{C28E7252-3A42-4779-AA12-BB77FF5F8E35}.Debug|Any CPU.Build.0 = Debug|Any CPU
		{C28E7252-3A42-4779-AA12-BB77FF5F8E35}.Release|Any CPU.ActiveCfg = Release|Any CPU
		{C28E7252-3A42-4779-AA12-BB77FF5F8E35}.Release|Any CPU.Build.0 = Release|Any CPU
		{45CB5F1E-A7C8-4705-9D13-A113B8FC4D05}.Debug|Any CPU.ActiveCfg = Debug|Any CPU
		{45CB5F1E-A7C8-4705-9D13-A113B8FC4D05}.Debug|Any CPU.Build.0 = Debug|Any CPU
		{45CB5F1E-A7C8-4705-9D13-A113B8FC4D05}.Release|Any CPU.ActiveCfg = Release|Any CPU
		{45CB5F1E-A7C8-4705-9D13-A113B8FC4D05}.Release|Any CPU.Build.0 = Release|Any CPU
		{B5CBAC87-0189-446E-B447-F639E5E77E02}.Debug|Any CPU.ActiveCfg = Debug|Any CPU
		{B5CBAC87-0189-446E-B447-F639E5E77E02}.Debug|Any CPU.Build.0 = Debug|Any CPU
		{B5CBAC87-0189-446E-B447-F639E5E77E02}.Release|Any CPU.ActiveCfg = Release|Any CPU
		{B5CBAC87-0189-446E-B447-F639E5E77E02}.Release|Any CPU.Build.0 = Release|Any CPU
		{13C75ABD-DB81-4FD7-9281-9EC8610FADA7}.Debug|Any CPU.ActiveCfg = Debug|Any CPU
		{13C75ABD-DB81-4FD7-9281-9EC8610FADA7}.Debug|Any CPU.Build.0 = Debug|Any CPU
		{13C75ABD-DB81-4FD7-9281-9EC8610FADA7}.Release|Any CPU.ActiveCfg = Release|Any CPU
		{13C75ABD-DB81-4FD7-9281-9EC8610FADA7}.Release|Any CPU.Build.0 = Release|Any CPU
		{2D0BAB29-FF8F-4BF1-A4D8-E76366E60A7E}.Debug|Any CPU.ActiveCfg = Debug|Any CPU
		{2D0BAB29-FF8F-4BF1-A4D8-E76366E60A7E}.Debug|Any CPU.Build.0 = Debug|Any CPU
		{2D0BAB29-FF8F-4BF1-A4D8-E76366E60A7E}.Release|Any CPU.ActiveCfg = Release|Any CPU
		{2D0BAB29-FF8F-4BF1-A4D8-E76366E60A7E}.Release|Any CPU.Build.0 = Release|Any CPU
	EndGlobalSection
	GlobalSection(SolutionProperties) = preSolution
		HideSolutionNode = FALSE
	EndGlobalSection
	GlobalSection(NestedProjects) = preSolution
		{C535D2DF-6EDE-4CB3-90EE-2172D95A1141} = {099F945E-6006-49B8-9801-4DEC4B3F2BD5}
		{0A98B7B5-B0AE-4E6A-B231-A668EA03EE00} = {099F945E-6006-49B8-9801-4DEC4B3F2BD5}
		{03D37358-555B-420D-ABE1-99FA032CB7A5} = {38112351-1BE0-48C4-9DE8-685D8604A6C4}
		{56A3FE61-763D-4AC6-B003-826DDB9DBC7F} = {099F945E-6006-49B8-9801-4DEC4B3F2BD5}
		{38112351-1BE0-48C4-9DE8-685D8604A6C4} = {099F945E-6006-49B8-9801-4DEC4B3F2BD5}
		{57ECF0FA-2E93-4903-879F-6CFC5234AF9B} = {099F945E-6006-49B8-9801-4DEC4B3F2BD5}
		{26A53ADD-7125-4860-99CB-2F3B230832FA} = {C535D2DF-6EDE-4CB3-90EE-2172D95A1141}
		{9689CD9A-DD66-4B5E-BEF8-97A074615F78} = {C535D2DF-6EDE-4CB3-90EE-2172D95A1141}
		{48F14FDF-36A2-42F3-989B-DFA7B1C90CE0} = {0A98B7B5-B0AE-4E6A-B231-A668EA03EE00}
		{E606CB33-CB91-4E41-97C7-2F9E8E386E68} = {57ECF0FA-2E93-4903-879F-6CFC5234AF9B}
		{E2BCDF86-D6A2-41C9-A1EC-621742FA7CFF} = {0A98B7B5-B0AE-4E6A-B231-A668EA03EE00}
		{EAB70615-0C78-43DE-9DDC-785EF3831602} = {56A3FE61-763D-4AC6-B003-826DDB9DBC7F}
		{BC5B0FBB-F616-41EA-B71C-420A75396F4B} = {56A3FE61-763D-4AC6-B003-826DDB9DBC7F}
		{C28E7252-3A42-4779-AA12-BB77FF5F8E35} = {56A3FE61-763D-4AC6-B003-826DDB9DBC7F}
		{45CB5F1E-A7C8-4705-9D13-A113B8FC4D05} = {56A3FE61-763D-4AC6-B003-826DDB9DBC7F}
		{B5CBAC87-0189-446E-B447-F639E5E77E02} = {C535D2DF-6EDE-4CB3-90EE-2172D95A1141}
		{13C75ABD-DB81-4FD7-9281-9EC8610FADA7} = {56A3FE61-763D-4AC6-B003-826DDB9DBC7F}
		{2D0BAB29-FF8F-4BF1-A4D8-E76366E60A7E} = {56A3FE61-763D-4AC6-B003-826DDB9DBC7F}
	EndGlobalSection
	GlobalSection(ExtensibilityGlobals) = postSolution
		SolutionGuid = {0559ABF3-1EE6-4253-9D7B-731F645C0C90}
	EndGlobalSection
EndGlobal
